// !$*UTF8*$!
{
	archiveVersion = 1;
	classes = {
	};
	objectVersion = 56;
	objects = {

/* Begin PBXBuildFile section */
		455A75E42A0FC799009F85F5 /* CountriesListView.swift in Sources */ = {isa = PBXBuildFile; fileRef = 455A75E32A0FC799009F85F5 /* CountriesListView.swift */; };
		456D97622A0E327900BE3057 /* GeographicAtlasApp.swift in Sources */ = {isa = PBXBuildFile; fileRef = 456D97612A0E327900BE3057 /* GeographicAtlasApp.swift */; };
		456D97642A0E327900BE3057 /* CountryView.swift in Sources */ = {isa = PBXBuildFile; fileRef = 456D97632A0E327900BE3057 /* CountryView.swift */; };
		456D97662A0E327B00BE3057 /* Assets.xcassets in Resources */ = {isa = PBXBuildFile; fileRef = 456D97652A0E327B00BE3057 /* Assets.xcassets */; };
		456D97692A0E327B00BE3057 /* Preview Assets.xcassets in Resources */ = {isa = PBXBuildFile; fileRef = 456D97682A0E327B00BE3057 /* Preview Assets.xcassets */; };
		456D97702A0FA84100BE3057 /* CountryModel.swift in Sources */ = {isa = PBXBuildFile; fileRef = 456D976F2A0FA84100BE3057 /* CountryModel.swift */; };
		456D97722A0FB3E600BE3057 /* CountryDetailsModel.swift in Sources */ = {isa = PBXBuildFile; fileRef = 456D97712A0FB3E600BE3057 /* CountryDetailsModel.swift */; };
		456D97752A0FB7C400BE3057 /* CountriesViewModel.swift in Sources */ = {isa = PBXBuildFile; fileRef = 456D97742A0FB7C400BE3057 /* CountriesViewModel.swift */; };
		45CA0FAB2A129C9300F2B549 /* CountryDetailsView.swift in Sources */ = {isa = PBXBuildFile; fileRef = 45CA0FAA2A129C9200F2B549 /* CountryDetailsView.swift */; };
		45E30D3E2A10F11B0029CC20 /* CountryShortInfo.swift in Sources */ = {isa = PBXBuildFile; fileRef = 45E30D3D2A10F11B0029CC20 /* CountryShortInfo.swift */; };
/* End PBXBuildFile section */

/* Begin PBXFileReference section */
		455A75E32A0FC799009F85F5 /* CountriesListView.swift */ = {isa = PBXFileReference; lastKnownFileType = sourcecode.swift; path = CountriesListView.swift; sourceTree = "<group>"; };
		456D975E2A0E327900BE3057 /* GeographicAtlas.app */ = {isa = PBXFileReference; explicitFileType = wrapper.application; includeInIndex = 0; path = GeographicAtlas.app; sourceTree = BUILT_PRODUCTS_DIR; };
		456D97612A0E327900BE3057 /* GeographicAtlasApp.swift */ = {isa = PBXFileReference; lastKnownFileType = sourcecode.swift; path = GeographicAtlasApp.swift; sourceTree = "<group>"; };
		456D97632A0E327900BE3057 /* CountryView.swift */ = {isa = PBXFileReference; lastKnownFileType = sourcecode.swift; path = CountryView.swift; sourceTree = "<group>"; };
		456D97652A0E327B00BE3057 /* Assets.xcassets */ = {isa = PBXFileReference; lastKnownFileType = folder.assetcatalog; path = Assets.xcassets; sourceTree = "<group>"; };
		456D97682A0E327B00BE3057 /* Preview Assets.xcassets */ = {isa = PBXFileReference; lastKnownFileType = folder.assetcatalog; path = "Preview Assets.xcassets"; sourceTree = "<group>"; };
		456D976F2A0FA84100BE3057 /* CountryModel.swift */ = {isa = PBXFileReference; lastKnownFileType = sourcecode.swift; path = CountryModel.swift; sourceTree = "<group>"; };
		456D97712A0FB3E600BE3057 /* CountryDetailsModel.swift */ = {isa = PBXFileReference; lastKnownFileType = sourcecode.swift; path = CountryDetailsModel.swift; sourceTree = "<group>"; };
		456D97742A0FB7C400BE3057 /* CountriesViewModel.swift */ = {isa = PBXFileReference; lastKnownFileType = sourcecode.swift; path = CountriesViewModel.swift; sourceTree = "<group>"; };
		45CA0FAA2A129C9200F2B549 /* CountryDetailsView.swift */ = {isa = PBXFileReference; lastKnownFileType = sourcecode.swift; path = CountryDetailsView.swift; sourceTree = "<group>"; };
		45E30D3D2A10F11B0029CC20 /* CountryShortInfo.swift */ = {isa = PBXFileReference; lastKnownFileType = sourcecode.swift; path = CountryShortInfo.swift; sourceTree = "<group>"; };
/* End PBXFileReference section */

/* Begin PBXFrameworksBuildPhase section */
		456D975B2A0E327900BE3057 /* Frameworks */ = {
			isa = PBXFrameworksBuildPhase;
			buildActionMask = 2147483647;
			files = (
			);
			runOnlyForDeploymentPostprocessing = 0;
		};
/* End PBXFrameworksBuildPhase section */

/* Begin PBXGroup section */
		456D97552A0E327900BE3057 = {
			isa = PBXGroup;
			children = (
				456D97602A0E327900BE3057 /* GeographicAtlas */,
				456D975F2A0E327900BE3057 /* Products */,
			);
			sourceTree = "<group>";
		};
		456D975F2A0E327900BE3057 /* Products */ = {
			isa = PBXGroup;
			children = (
				456D975E2A0E327900BE3057 /* GeographicAtlas.app */,
			);
			name = Products;
			sourceTree = "<group>";
		};
		456D97602A0E327900BE3057 /* GeographicAtlas */ = {
			isa = PBXGroup;
			children = (
				456D97732A0FB4DC00BE3057 /* Model */,
				456D97742A0FB7C400BE3057 /* CountriesViewModel.swift */,
				45CA0FAC2A129CA000F2B549 /* View */,
				456D97612A0E327900BE3057 /* GeographicAtlasApp.swift */,
				456D97652A0E327B00BE3057 /* Assets.xcassets */,
				456D97672A0E327B00BE3057 /* Preview Content */,
			);
			path = GeographicAtlas;
			sourceTree = "<group>";
		};
		456D97672A0E327B00BE3057 /* Preview Content */ = {
			isa = PBXGroup;
			children = (
				456D97682A0E327B00BE3057 /* Preview Assets.xcassets */,
			);
			path = "Preview Content";
			sourceTree = "<group>";
		};
		456D97732A0FB4DC00BE3057 /* Model */ = {
			isa = PBXGroup;
			children = (
				456D976F2A0FA84100BE3057 /* CountryModel.swift */,
				45E30D3D2A10F11B0029CC20 /* CountryShortInfo.swift */,
				456D97712A0FB3E600BE3057 /* CountryDetailsModel.swift */,
			);
			path = Model;
			sourceTree = "<group>";
		};
		45CA0FAC2A129CA000F2B549 /* View */ = {
			isa = PBXGroup;
			children = (
				456D97632A0E327900BE3057 /* CountryView.swift */,
				455A75E32A0FC799009F85F5 /* CountriesListView.swift */,
				45CA0FAA2A129C9200F2B549 /* CountryDetailsView.swift */,
			);
			path = View;
			sourceTree = "<group>";
		};
/* End PBXGroup section */

/* Begin PBXNativeTarget section */
		456D975D2A0E327900BE3057 /* GeographicAtlas */ = {
			isa = PBXNativeTarget;
			buildConfigurationList = 456D976C2A0E327B00BE3057 /* Build configuration list for PBXNativeTarget "GeographicAtlas" */;
			buildPhases = (
				456D975A2A0E327900BE3057 /* Sources */,
				456D975B2A0E327900BE3057 /* Frameworks */,
				456D975C2A0E327900BE3057 /* Resources */,
			);
			buildRules = (
			);
			dependencies = (
			);
			name = GeographicAtlas;
			productName = GeographicAtlas;
			productReference = 456D975E2A0E327900BE3057 /* GeographicAtlas.app */;
			productType = "com.apple.product-type.application";
		};
/* End PBXNativeTarget section */

/* Begin PBXProject section */
		456D97562A0E327900BE3057 /* Project object */ = {
			isa = PBXProject;
			attributes = {
				BuildIndependentTargetsInParallel = 1;
				LastSwiftUpdateCheck = 1420;
				LastUpgradeCheck = 1420;
				TargetAttributes = {
					456D975D2A0E327900BE3057 = {
						CreatedOnToolsVersion = 14.2;
					};
				};
			};
			buildConfigurationList = 456D97592A0E327900BE3057 /* Build configuration list for PBXProject "GeographicAtlas" */;
			compatibilityVersion = "Xcode 14.0";
			developmentRegion = en;
			hasScannedForEncodings = 0;
			knownRegions = (
				en,
				Base,
			);
			mainGroup = 456D97552A0E327900BE3057;
			productRefGroup = 456D975F2A0E327900BE3057 /* Products */;
			projectDirPath = "";
			projectRoot = "";
			targets = (
				456D975D2A0E327900BE3057 /* GeographicAtlas */,
			);
		};
/* End PBXProject section */

/* Begin PBXResourcesBuildPhase section */
		456D975C2A0E327900BE3057 /* Resources */ = {
			isa = PBXResourcesBuildPhase;
			buildActionMask = 2147483647;
			files = (
				456D97692A0E327B00BE3057 /* Preview Assets.xcassets in Resources */,
				456D97662A0E327B00BE3057 /* Assets.xcassets in Resources */,
			);
			runOnlyForDeploymentPostprocessing = 0;
		};
/* End PBXResourcesBuildPhase section */

/* Begin PBXSourcesBuildPhase section */
		456D975A2A0E327900BE3057 /* Sources */ = {
			isa = PBXSourcesBuildPhase;
			buildActionMask = 2147483647;
			files = (
				45CA0FAB2A129C9300F2B549 /* CountryDetailsView.swift in Sources */,
				456D97642A0E327900BE3057 /* CountryView.swift in Sources */,
				455A75E42A0FC799009F85F5 /* CountriesListView.swift in Sources */,
				456D97622A0E327900BE3057 /* GeographicAtlasApp.swift in Sources */,
				456D97702A0FA84100BE3057 /* CountryModel.swift in Sources */,
				45E30D3E2A10F11B0029CC20 /* CountryShortInfo.swift in Sources */,
				456D97752A0FB7C400BE3057 /* CountriesViewModel.swift in Sources */,
				456D97722A0FB3E600BE3057 /* CountryDetailsModel.swift in Sources */,
			);
			runOnlyForDeploymentPostprocessing = 0;
		};
/* End PBXSourcesBuildPhase section */

/* Begin XCBuildConfiguration section */
		456D976A2A0E327B00BE3057 /* Debug */ = {
			isa = XCBuildConfiguration;
			buildSettings = {
				ALWAYS_SEARCH_USER_PATHS = NO;
				CLANG_ANALYZER_NONNULL = YES;
				CLANG_ANALYZER_NUMBER_OBJECT_CONVERSION = YES_AGGRESSIVE;
				CLANG_CXX_LANGUAGE_STANDARD = "gnu++20";
				CLANG_ENABLE_MODULES = YES;
				CLANG_ENABLE_OBJC_ARC = YES;
				CLANG_ENABLE_OBJC_WEAK = YES;
				CLANG_WARN_BLOCK_CAPTURE_AUTORELEASING = YES;
				CLANG_WARN_BOOL_CONVERSION = YES;
				CLANG_WARN_COMMA = YES;
				CLANG_WARN_CONSTANT_CONVERSION = YES;
				CLANG_WARN_DEPRECATED_OBJC_IMPLEMENTATIONS = YES;
				CLANG_WARN_DIRECT_OBJC_ISA_USAGE = YES_ERROR;
				CLANG_WARN_DOCUMENTATION_COMMENTS = YES;
				CLANG_WARN_EMPTY_BODY = YES;
				CLANG_WARN_ENUM_CONVERSION = YES;
				CLANG_WARN_INFINITE_RECURSION = YES;
				CLANG_WARN_INT_CONVERSION = YES;
				CLANG_WARN_NON_LITERAL_NULL_CONVERSION = YES;
				CLANG_WARN_OBJC_IMPLICIT_RETAIN_SELF = YES;
				CLANG_WARN_OBJC_LITERAL_CONVERSION = YES;
				CLANG_WARN_OBJC_ROOT_CLASS = YES_ERROR;
				CLANG_WARN_QUOTED_INCLUDE_IN_FRAMEWORK_HEADER = YES;
				CLANG_WARN_RANGE_LOOP_ANALYSIS = YES;
				CLANG_WARN_STRICT_PROTOTYPES = YES;
				CLANG_WARN_SUSPICIOUS_MOVE = YES;
				CLANG_WARN_UNGUARDED_AVAILABILITY = YES_AGGRESSIVE;
				CLANG_WARN_UNREACHABLE_CODE = YES;
				CLANG_WARN__DUPLICATE_METHOD_MATCH = YES;
				COPY_PHASE_STRIP = NO;
				DEBUG_INFORMATION_FORMAT = dwarf;
				ENABLE_STRICT_OBJC_MSGSEND = YES;
				ENABLE_TESTABILITY = YES;
				GCC_C_LANGUAGE_STANDARD = gnu11;
				GCC_DYNAMIC_NO_PIC = NO;
				GCC_NO_COMMON_BLOCKS = YES;
				GCC_OPTIMIZATION_LEVEL = 0;
				GCC_PREPROCESSOR_DEFINITIONS = (
					"DEBUG=1",
					"$(inherited)",
				);
				GCC_WARN_64_TO_32_BIT_CONVERSION = YES;
				GCC_WARN_ABOUT_RETURN_TYPE = YES_ERROR;
				GCC_WARN_UNDECLARED_SELECTOR = YES;
				GCC_WARN_UNINITIALIZED_AUTOS = YES_AGGRESSIVE;
				GCC_WARN_UNUSED_FUNCTION = YES;
				GCC_WARN_UNUSED_VARIABLE = YES;
				IPHONEOS_DEPLOYMENT_TARGET = 16.2;
				MTL_ENABLE_DEBUG_INFO = INCLUDE_SOURCE;
				MTL_FAST_MATH = YES;
				ONLY_ACTIVE_ARCH = YES;
				SDKROOT = iphoneos;
				SWIFT_ACTIVE_COMPILATION_CONDITIONS = DEBUG;
				SWIFT_OPTIMIZATION_LEVEL = "-Onone";
			};
			name = Debug;
		};
		456D976B2A0E327B00BE3057 /* Release */ = {
			isa = XCBuildConfiguration;
			buildSettings = {
				ALWAYS_SEARCH_USER_PATHS = NO;
				CLANG_ANALYZER_NONNULL = YES;
				CLANG_ANALYZER_NUMBER_OBJECT_CONVERSION = YES_AGGRESSIVE;
				CLANG_CXX_LANGUAGE_STANDARD = "gnu++20";
				CLANG_ENABLE_MODULES = YES;
				CLANG_ENABLE_OBJC_ARC = YES;
				CLANG_ENABLE_OBJC_WEAK = YES;
				CLANG_WARN_BLOCK_CAPTURE_AUTORELEASING = YES;
				CLANG_WARN_BOOL_CONVERSION = YES;
				CLANG_WARN_COMMA = YES;
				CLANG_WARN_CONSTANT_CONVERSION = YES;
				CLANG_WARN_DEPRECATED_OBJC_IMPLEMENTATIONS = YES;
				CLANG_WARN_DIRECT_OBJC_ISA_USAGE = YES_ERROR;
				CLANG_WARN_DOCUMENTATION_COMMENTS = YES;
				CLANG_WARN_EMPTY_BODY = YES;
				CLANG_WARN_ENUM_CONVERSION = YES;
				CLANG_WARN_INFINITE_RECURSION = YES;
				CLANG_WARN_INT_CONVERSION = YES;
				CLANG_WARN_NON_LITERAL_NULL_CONVERSION = YES;
				CLANG_WARN_OBJC_IMPLICIT_RETAIN_SELF = YES;
				CLANG_WARN_OBJC_LITERAL_CONVERSION = YES;
				CLANG_WARN_OBJC_ROOT_CLASS = YES_ERROR;
				CLANG_WARN_QUOTED_INCLUDE_IN_FRAMEWORK_HEADER = YES;
				CLANG_WARN_RANGE_LOOP_ANALYSIS = YES;
				CLANG_WARN_STRICT_PROTOTYPES = YES;
				CLANG_WARN_SUSPICIOUS_MOVE = YES;
				CLANG_WARN_UNGUARDED_AVAILABILITY = YES_AGGRESSIVE;
				CLANG_WARN_UNREACHABLE_CODE = YES;
				CLANG_WARN__DUPLICATE_METHOD_MATCH = YES;
				COPY_PHASE_STRIP = NO;
				DEBUG_INFORMATION_FORMAT = "dwarf-with-dsym";
				ENABLE_NS_ASSERTIONS = NO;
				ENABLE_STRICT_OBJC_MSGSEND = YES;
				GCC_C_LANGUAGE_STANDARD = gnu11;
				GCC_NO_COMMON_BLOCKS = YES;
				GCC_WARN_64_TO_32_BIT_CONVERSION = YES;
				GCC_WARN_ABOUT_RETURN_TYPE = YES_ERROR;
				GCC_WARN_UNDECLARED_SELECTOR = YES;
				GCC_WARN_UNINITIALIZED_AUTOS = YES_AGGRESSIVE;
				GCC_WARN_UNUSED_FUNCTION = YES;
				GCC_WARN_UNUSED_VARIABLE = YES;
				IPHONEOS_DEPLOYMENT_TARGET = 16.2;
				MTL_ENABLE_DEBUG_INFO = NO;
				MTL_FAST_MATH = YES;
				SDKROOT = iphoneos;
				SWIFT_COMPILATION_MODE = wholemodule;
				SWIFT_OPTIMIZATION_LEVEL = "-O";
				VALIDATE_PRODUCT = YES;
			};
			name = Release;
		};
		456D976D2A0E327B00BE3057 /* Debug */ = {
			isa = XCBuildConfiguration;
			buildSettings = {
				ASSETCATALOG_COMPILER_APPICON_NAME = AppIcon;
				ASSETCATALOG_COMPILER_GLOBAL_ACCENT_COLOR_NAME = AccentColor;
				CODE_SIGN_STYLE = Automatic;
				CURRENT_PROJECT_VERSION = 1;
				DEVELOPMENT_ASSET_PATHS = "\"GeographicAtlas/Preview Content\"";
				DEVELOPMENT_TEAM = 9K6FF48SQA;
				ENABLE_PREVIEWS = YES;
				GENERATE_INFOPLIST_FILE = YES;
				INFOPLIST_KEY_UIApplicationSceneManifest_Generation = YES;
				INFOPLIST_KEY_UIApplicationSupportsIndirectInputEvents = YES;
				INFOPLIST_KEY_UILaunchScreen_Generation = YES;
				INFOPLIST_KEY_UISupportedInterfaceOrientations_iPad = "UIInterfaceOrientationPortrait UIInterfaceOrientationPortraitUpsideDown UIInterfaceOrientationLandscapeLeft UIInterfaceOrientationLandscapeRight";
				INFOPLIST_KEY_UISupportedInterfaceOrientations_iPhone = "UIInterfaceOrientationPortrait UIInterfaceOrientationLandscapeLeft UIInterfaceOrientationLandscapeRight";
				LD_RUNPATH_SEARCH_PATHS = (
					"$(inherited)",
					"@executable_path/Frameworks",
				);
				MARKETING_VERSION = 1.0;
				PRODUCT_BUNDLE_IDENTIFIER = com.ai.GeographicAtlas;
				PRODUCT_NAME = "$(TARGET_NAME)";
				SWIFT_EMIT_LOC_STRINGS = YES;
				SWIFT_VERSION = 5.0;
				TARGETED_DEVICE_FAMILY = "1,2";
			};
			name = Debug;
		};
		456D976E2A0E327B00BE3057 /* Release */ = {
			isa = XCBuildConfiguration;
			buildSettings = {
				ASSETCATALOG_COMPILER_APPICON_NAME = AppIcon;
				ASSETCATALOG_COMPILER_GLOBAL_ACCENT_COLOR_NAME = AccentColor;
				CODE_SIGN_STYLE = Automatic;
				CURRENT_PROJECT_VERSION = 1;
				DEVELOPMENT_ASSET_PATHS = "\"GeographicAtlas/Preview Content\"";
				DEVELOPMENT_TEAM = 9K6FF48SQA;
				ENABLE_PREVIEWS = YES;
				GENERATE_INFOPLIST_FILE = YES;
				INFOPLIST_KEY_UIApplicationSceneManifest_Generation = YES;
				INFOPLIST_KEY_UIApplicationSupportsIndirectInputEvents = YES;
				INFOPLIST_KEY_UILaunchScreen_Generation = YES;
				INFOPLIST_KEY_UISupportedInterfaceOrientations_iPad = "UIInterfaceOrientationPortrait UIInterfaceOrientationPortraitUpsideDown UIInterfaceOrientationLandscapeLeft UIInterfaceOrientationLandscapeRight";
				INFOPLIST_KEY_UISupportedInterfaceOrientations_iPhone = "UIInterfaceOrientationPortrait UIInterfaceOrientationLandscapeLeft UIInterfaceOrientationLandscapeRight";
				LD_RUNPATH_SEARCH_PATHS = (
					"$(inherited)",
					"@executable_path/Frameworks",
				);
				MARKETING_VERSION = 1.0;
				PRODUCT_BUNDLE_IDENTIFIER = com.ai.GeographicAtlas;
				PRODUCT_NAME = "$(TARGET_NAME)";
				SWIFT_EMIT_LOC_STRINGS = YES;
				SWIFT_VERSION = 5.0;
				TARGETED_DEVICE_FAMILY = "1,2";
			};
			name = Release;
		};
/* End XCBuildConfiguration section */

/* Begin XCConfigurationList section */
		456D97592A0E327900BE3057 /* Build configuration list for PBXProject "GeographicAtlas" */ = {
			isa = XCConfigurationList;
			buildConfigurations = (
				456D976A2A0E327B00BE3057 /* Debug */,
				456D976B2A0E327B00BE3057 /* Release */,
			);
			defaultConfigurationIsVisible = 0;
			defaultConfigurationName = Release;
		};
		456D976C2A0E327B00BE3057 /* Build configuration list for PBXNativeTarget "GeographicAtlas" */ = {
			isa = XCConfigurationList;
			buildConfigurations = (
				456D976D2A0E327B00BE3057 /* Debug */,
				456D976E2A0E327B00BE3057 /* Release */,
			);
			defaultConfigurationIsVisible = 0;
			defaultConfigurationName = Release;
		};
/* End XCConfigurationList section */
	};
	rootObject = 456D97562A0E327900BE3057 /* Project object */;
}
